// !$*UTF8*$!
{
	archiveVersion = 1;
	classes = {
	};
	objectVersion = 56;
	objects = {

/* Begin PBXBuildFile section */
		98537CE42B247248005C195F /* CraftTestTaskApp.swift in Sources */ = {isa = PBXBuildFile; fileRef = 98537CE32B247248005C195F /* CraftTestTaskApp.swift */; };
		98537CE82B247249005C195F /* Assets.xcassets in Resources */ = {isa = PBXBuildFile; fileRef = 98537CE72B247249005C195F /* Assets.xcassets */; };
		98537CEC2B247249005C195F /* Preview Assets.xcassets in Resources */ = {isa = PBXBuildFile; fileRef = 98537CEB2B247249005C195F /* Preview Assets.xcassets */; };
		98537CF62B247249005C195F /* CraftTestTaskTests.swift in Sources */ = {isa = PBXBuildFile; fileRef = 98537CF52B247249005C195F /* CraftTestTaskTests.swift */; };
		98537D002B247249005C195F /* CraftTestTaskUITests.swift in Sources */ = {isa = PBXBuildFile; fileRef = 98537CFF2B247249005C195F /* CraftTestTaskUITests.swift */; };
		98537D022B247249005C195F /* CraftTestTaskUITestsLaunchTests.swift in Sources */ = {isa = PBXBuildFile; fileRef = 98537D012B247249005C195F /* CraftTestTaskUITestsLaunchTests.swift */; };
		988015422B27143800BB3436 /* ProfileEditorView.swift in Sources */ = {isa = PBXBuildFile; fileRef = 988015412B27143800BB3436 /* ProfileEditorView.swift */; };
		988015452B2742EC00BB3436 /* AvatarFont.swift in Sources */ = {isa = PBXBuildFile; fileRef = 988015442B2742EC00BB3436 /* AvatarFont.swift */; };
		988015472B27430700BB3436 /* AvatarStyle.swift in Sources */ = {isa = PBXBuildFile; fileRef = 988015462B27430700BB3436 /* AvatarStyle.swift */; };
		988015492B27431700BB3436 /* AvatarModel.swift in Sources */ = {isa = PBXBuildFile; fileRef = 988015482B27431700BB3436 /* AvatarModel.swift */; };
		9880154C2B276DA700BB3436 /* ImageProviderClient.swift in Sources */ = {isa = PBXBuildFile; fileRef = 9880154B2B276DA700BB3436 /* ImageProviderClient.swift */; };
		98E811F02B249B7900A36E1E /* ProfileViewController.swift in Sources */ = {isa = PBXBuildFile; fileRef = 98E811EF2B249B7900A36E1E /* ProfileViewController.swift */; };
		98E811F22B249FAE00A36E1E /* GradientView.swift in Sources */ = {isa = PBXBuildFile; fileRef = 98E811F12B249FAE00A36E1E /* GradientView.swift */; };
		98E811F42B24C02A00A36E1E /* FontSelectionButton.swift in Sources */ = {isa = PBXBuildFile; fileRef = 98E811F32B24C02A00A36E1E /* FontSelectionButton.swift */; };
		98E811F62B26237700A36E1E /* StyleSegmentPickerView.swift in Sources */ = {isa = PBXBuildFile; fileRef = 98E811F52B26237700A36E1E /* StyleSegmentPickerView.swift */; };
		98E811F82B26239800A36E1E /* SegmentButton.swift in Sources */ = {isa = PBXBuildFile; fileRef = 98E811F72B26239800A36E1E /* SegmentButton.swift */; };
		98E811FA2B2623E400A36E1E /* AvatarView.swift in Sources */ = {isa = PBXBuildFile; fileRef = 98E811F92B2623E400A36E1E /* AvatarView.swift */; };
		98E811FC2B26240300A36E1E /* ImagePickerButton.swift in Sources */ = {isa = PBXBuildFile; fileRef = 98E811FB2B26240300A36E1E /* ImagePickerButton.swift */; };
		98E811FE2B262B7700A36E1E /* ColorPickerButton.swift in Sources */ = {isa = PBXBuildFile; fileRef = 98E811FD2B262B7700A36E1E /* ColorPickerButton.swift */; };
		98E812002B263AC400A36E1E /* ProfileView.swift in Sources */ = {isa = PBXBuildFile; fileRef = 98E811FF2B263AC400A36E1E /* ProfileView.swift */; };
		98E812022B2646E300A36E1E /* RecentlyUsedSection.swift in Sources */ = {isa = PBXBuildFile; fileRef = 98E812012B2646E300A36E1E /* RecentlyUsedSection.swift */; };
/* End PBXBuildFile section */

/* Begin PBXContainerItemProxy section */
		98537CF22B247249005C195F /* PBXContainerItemProxy */ = {
			isa = PBXContainerItemProxy;
			containerPortal = 98537CD82B247248005C195F /* Project object */;
			proxyType = 1;
			remoteGlobalIDString = 98537CDF2B247248005C195F;
			remoteInfo = CraftTestTask;
		};
		98537CFC2B247249005C195F /* PBXContainerItemProxy */ = {
			isa = PBXContainerItemProxy;
			containerPortal = 98537CD82B247248005C195F /* Project object */;
			proxyType = 1;
			remoteGlobalIDString = 98537CDF2B247248005C195F;
			remoteInfo = CraftTestTask;
		};
/* End PBXContainerItemProxy section */

/* Begin PBXFileReference section */
		98537CE02B247248005C195F /* CraftTestTask.app */ = {isa = PBXFileReference; explicitFileType = wrapper.application; includeInIndex = 0; path = CraftTestTask.app; sourceTree = BUILT_PRODUCTS_DIR; };
		98537CE32B247248005C195F /* CraftTestTaskApp.swift */ = {isa = PBXFileReference; lastKnownFileType = sourcecode.swift; path = CraftTestTaskApp.swift; sourceTree = "<group>"; };
		98537CE72B247249005C195F /* Assets.xcassets */ = {isa = PBXFileReference; lastKnownFileType = folder.assetcatalog; path = Assets.xcassets; sourceTree = "<group>"; };
		98537CE92B247249005C195F /* CraftTestTask.entitlements */ = {isa = PBXFileReference; lastKnownFileType = text.plist.entitlements; path = CraftTestTask.entitlements; sourceTree = "<group>"; };
		98537CEB2B247249005C195F /* Preview Assets.xcassets */ = {isa = PBXFileReference; lastKnownFileType = folder.assetcatalog; path = "Preview Assets.xcassets"; sourceTree = "<group>"; };
		98537CF12B247249005C195F /* CraftTestTaskTests.xctest */ = {isa = PBXFileReference; explicitFileType = wrapper.cfbundle; includeInIndex = 0; path = CraftTestTaskTests.xctest; sourceTree = BUILT_PRODUCTS_DIR; };
		98537CF52B247249005C195F /* CraftTestTaskTests.swift */ = {isa = PBXFileReference; lastKnownFileType = sourcecode.swift; path = CraftTestTaskTests.swift; sourceTree = "<group>"; };
		98537CFB2B247249005C195F /* CraftTestTaskUITests.xctest */ = {isa = PBXFileReference; explicitFileType = wrapper.cfbundle; includeInIndex = 0; path = CraftTestTaskUITests.xctest; sourceTree = BUILT_PRODUCTS_DIR; };
		98537CFF2B247249005C195F /* CraftTestTaskUITests.swift */ = {isa = PBXFileReference; lastKnownFileType = sourcecode.swift; path = CraftTestTaskUITests.swift; sourceTree = "<group>"; };
		98537D012B247249005C195F /* CraftTestTaskUITestsLaunchTests.swift */ = {isa = PBXFileReference; lastKnownFileType = sourcecode.swift; path = CraftTestTaskUITestsLaunchTests.swift; sourceTree = "<group>"; };
		988015412B27143800BB3436 /* ProfileEditorView.swift */ = {isa = PBXFileReference; lastKnownFileType = sourcecode.swift; path = ProfileEditorView.swift; sourceTree = "<group>"; };
		988015442B2742EC00BB3436 /* AvatarFont.swift */ = {isa = PBXFileReference; lastKnownFileType = sourcecode.swift; path = AvatarFont.swift; sourceTree = "<group>"; };
		988015462B27430700BB3436 /* AvatarStyle.swift */ = {isa = PBXFileReference; lastKnownFileType = sourcecode.swift; path = AvatarStyle.swift; sourceTree = "<group>"; };
		988015482B27431700BB3436 /* AvatarModel.swift */ = {isa = PBXFileReference; lastKnownFileType = sourcecode.swift; path = AvatarModel.swift; sourceTree = "<group>"; };
		9880154B2B276DA700BB3436 /* ImageProviderClient.swift */ = {isa = PBXFileReference; lastKnownFileType = sourcecode.swift; path = ImageProviderClient.swift; sourceTree = "<group>"; };
		98E811EF2B249B7900A36E1E /* ProfileViewController.swift */ = {isa = PBXFileReference; lastKnownFileType = sourcecode.swift; path = ProfileViewController.swift; sourceTree = "<group>"; };
		98E811F12B249FAE00A36E1E /* GradientView.swift */ = {isa = PBXFileReference; lastKnownFileType = sourcecode.swift; path = GradientView.swift; sourceTree = "<group>"; };
		98E811F32B24C02A00A36E1E /* FontSelectionButton.swift */ = {isa = PBXFileReference; lastKnownFileType = sourcecode.swift; path = FontSelectionButton.swift; sourceTree = "<group>"; };
		98E811F52B26237700A36E1E /* StyleSegmentPickerView.swift */ = {isa = PBXFileReference; lastKnownFileType = sourcecode.swift; path = StyleSegmentPickerView.swift; sourceTree = "<group>"; };
		98E811F72B26239800A36E1E /* SegmentButton.swift */ = {isa = PBXFileReference; lastKnownFileType = sourcecode.swift; path = SegmentButton.swift; sourceTree = "<group>"; };
		98E811F92B2623E400A36E1E /* AvatarView.swift */ = {isa = PBXFileReference; lastKnownFileType = sourcecode.swift; path = AvatarView.swift; sourceTree = "<group>"; };
		98E811FB2B26240300A36E1E /* ImagePickerButton.swift */ = {isa = PBXFileReference; lastKnownFileType = sourcecode.swift; path = ImagePickerButton.swift; sourceTree = "<group>"; };
		98E811FD2B262B7700A36E1E /* ColorPickerButton.swift */ = {isa = PBXFileReference; lastKnownFileType = sourcecode.swift; path = ColorPickerButton.swift; sourceTree = "<group>"; };
		98E811FF2B263AC400A36E1E /* ProfileView.swift */ = {isa = PBXFileReference; lastKnownFileType = sourcecode.swift; path = ProfileView.swift; sourceTree = "<group>"; };
		98E812012B2646E300A36E1E /* RecentlyUsedSection.swift */ = {isa = PBXFileReference; lastKnownFileType = sourcecode.swift; path = RecentlyUsedSection.swift; sourceTree = "<group>"; };
/* End PBXFileReference section */

/* Begin PBXFrameworksBuildPhase section */
		98537CDD2B247248005C195F /* Frameworks */ = {
			isa = PBXFrameworksBuildPhase;
			buildActionMask = 2147483647;
			files = (
			);
			runOnlyForDeploymentPostprocessing = 0;
		};
		98537CEE2B247249005C195F /* Frameworks */ = {
			isa = PBXFrameworksBuildPhase;
			buildActionMask = 2147483647;
			files = (
			);
			runOnlyForDeploymentPostprocessing = 0;
		};
		98537CF82B247249005C195F /* Frameworks */ = {
			isa = PBXFrameworksBuildPhase;
			buildActionMask = 2147483647;
			files = (
			);
			runOnlyForDeploymentPostprocessing = 0;
		};
/* End PBXFrameworksBuildPhase section */

/* Begin PBXGroup section */
		98537CD72B247248005C195F = {
			isa = PBXGroup;
			children = (
				98537CE22B247248005C195F /* CraftTestTask */,
				98537CF42B247249005C195F /* CraftTestTaskTests */,
				98537CFE2B247249005C195F /* CraftTestTaskUITests */,
				98537CE12B247248005C195F /* Products */,
			);
			sourceTree = "<group>";
		};
		98537CE12B247248005C195F /* Products */ = {
			isa = PBXGroup;
			children = (
				98537CE02B247248005C195F /* CraftTestTask.app */,
				98537CF12B247249005C195F /* CraftTestTaskTests.xctest */,
				98537CFB2B247249005C195F /* CraftTestTaskUITests.xctest */,
			);
			name = Products;
			sourceTree = "<group>";
		};
		98537CE22B247248005C195F /* CraftTestTask */ = {
			isa = PBXGroup;
			children = (
				98537CE92B247249005C195F /* CraftTestTask.entitlements */,
				98537CE32B247248005C195F /* CraftTestTaskApp.swift */,
				98E811FF2B263AC400A36E1E /* ProfileView.swift */,
				98E811EF2B249B7900A36E1E /* ProfileViewController.swift */,
				9880154B2B276DA700BB3436 /* ImageProviderClient.swift */,
				98537CE72B247249005C195F /* Assets.xcassets */,
				988015432B2742E000BB3436 /* Model */,
				98537CEA2B247249005C195F /* Preview Content */,
				9880154A2B276CE800BB3436 /* UIComponents */,
			);
			path = CraftTestTask;
			sourceTree = "<group>";
		};
		98537CEA2B247249005C195F /* Preview Content */ = {
			isa = PBXGroup;
			children = (
				98537CEB2B247249005C195F /* Preview Assets.xcassets */,
			);
			path = "Preview Content";
			sourceTree = "<group>";
		};
		98537CF42B247249005C195F /* CraftTestTaskTests */ = {
			isa = PBXGroup;
			children = (
				98537CF52B247249005C195F /* CraftTestTaskTests.swift */,
			);
			path = CraftTestTaskTests;
			sourceTree = "<group>";
		};
		98537CFE2B247249005C195F /* CraftTestTaskUITests */ = {
			isa = PBXGroup;
			children = (
				98537CFF2B247249005C195F /* CraftTestTaskUITests.swift */,
				98537D012B247249005C195F /* CraftTestTaskUITestsLaunchTests.swift */,
			);
			path = CraftTestTaskUITests;
			sourceTree = "<group>";
		};
		988015432B2742E000BB3436 /* Model */ = {
			isa = PBXGroup;
			children = (
				988015442B2742EC00BB3436 /* AvatarFont.swift */,
				988015462B27430700BB3436 /* AvatarStyle.swift */,
				988015482B27431700BB3436 /* AvatarModel.swift */,
			);
			path = Model;
			sourceTree = "<group>";
		};
		9880154A2B276CE800BB3436 /* UIComponents */ = {
			isa = PBXGroup;
			children = (
				98E811F92B2623E400A36E1E /* AvatarView.swift */,
				98E811FD2B262B7700A36E1E /* ColorPickerButton.swift */,
				98E811F32B24C02A00A36E1E /* FontSelectionButton.swift */,
				98E811F12B249FAE00A36E1E /* GradientView.swift */,
				98E811FB2B26240300A36E1E /* ImagePickerButton.swift */,
				988015412B27143800BB3436 /* ProfileEditorView.swift */,
				98E812012B2646E300A36E1E /* RecentlyUsedSection.swift */,
				98E811F72B26239800A36E1E /* SegmentButton.swift */,
				98E811F52B26237700A36E1E /* StyleSegmentPickerView.swift */,
			);
			path = UIComponents;
			sourceTree = "<group>";
		};
/* End PBXGroup section */

/* Begin PBXNativeTarget section */
		98537CDF2B247248005C195F /* CraftTestTask */ = {
			isa = PBXNativeTarget;
			buildConfigurationList = 98537D052B247249005C195F /* Build configuration list for PBXNativeTarget "CraftTestTask" */;
			buildPhases = (
				98537CDC2B247248005C195F /* Sources */,
				98537CDD2B247248005C195F /* Frameworks */,
				98537CDE2B247248005C195F /* Resources */,
			);
			buildRules = (
			);
			dependencies = (
			);
			name = CraftTestTask;
			productName = CraftTestTask;
			productReference = 98537CE02B247248005C195F /* CraftTestTask.app */;
			productType = "com.apple.product-type.application";
		};
		98537CF02B247249005C195F /* CraftTestTaskTests */ = {
			isa = PBXNativeTarget;
			buildConfigurationList = 98537D082B247249005C195F /* Build configuration list for PBXNativeTarget "CraftTestTaskTests" */;
			buildPhases = (
				98537CED2B247249005C195F /* Sources */,
				98537CEE2B247249005C195F /* Frameworks */,
				98537CEF2B247249005C195F /* Resources */,
			);
			buildRules = (
			);
			dependencies = (
				98537CF32B247249005C195F /* PBXTargetDependency */,
			);
			name = CraftTestTaskTests;
			productName = CraftTestTaskTests;
			productReference = 98537CF12B247249005C195F /* CraftTestTaskTests.xctest */;
			productType = "com.apple.product-type.bundle.unit-test";
		};
		98537CFA2B247249005C195F /* CraftTestTaskUITests */ = {
			isa = PBXNativeTarget;
			buildConfigurationList = 98537D0B2B247249005C195F /* Build configuration list for PBXNativeTarget "CraftTestTaskUITests" */;
			buildPhases = (
				98537CF72B247249005C195F /* Sources */,
				98537CF82B247249005C195F /* Frameworks */,
				98537CF92B247249005C195F /* Resources */,
			);
			buildRules = (
			);
			dependencies = (
				98537CFD2B247249005C195F /* PBXTargetDependency */,
			);
			name = CraftTestTaskUITests;
			productName = CraftTestTaskUITests;
			productReference = 98537CFB2B247249005C195F /* CraftTestTaskUITests.xctest */;
			productType = "com.apple.product-type.bundle.ui-testing";
		};
/* End PBXNativeTarget section */

/* Begin PBXProject section */
		98537CD82B247248005C195F /* Project object */ = {
			isa = PBXProject;
			attributes = {
				BuildIndependentTargetsInParallel = 1;
				LastSwiftUpdateCheck = 1510;
				LastUpgradeCheck = 1510;
				TargetAttributes = {
					98537CDF2B247248005C195F = {
						CreatedOnToolsVersion = 15.1;
					};
					98537CF02B247249005C195F = {
						CreatedOnToolsVersion = 15.1;
						TestTargetID = 98537CDF2B247248005C195F;
					};
					98537CFA2B247249005C195F = {
						CreatedOnToolsVersion = 15.1;
						TestTargetID = 98537CDF2B247248005C195F;
					};
				};
			};
			buildConfigurationList = 98537CDB2B247248005C195F /* Build configuration list for PBXProject "CraftTestTask" */;
			compatibilityVersion = "Xcode 14.0";
			developmentRegion = en;
			hasScannedForEncodings = 0;
			knownRegions = (
				en,
				Base,
			);
			mainGroup = 98537CD72B247248005C195F;
			productRefGroup = 98537CE12B247248005C195F /* Products */;
			projectDirPath = "";
			projectRoot = "";
			targets = (
				98537CDF2B247248005C195F /* CraftTestTask */,
				98537CF02B247249005C195F /* CraftTestTaskTests */,
				98537CFA2B247249005C195F /* CraftTestTaskUITests */,
			);
		};
/* End PBXProject section */

/* Begin PBXResourcesBuildPhase section */
		98537CDE2B247248005C195F /* Resources */ = {
			isa = PBXResourcesBuildPhase;
			buildActionMask = 2147483647;
			files = (
				98537CEC2B247249005C195F /* Preview Assets.xcassets in Resources */,
				98537CE82B247249005C195F /* Assets.xcassets in Resources */,
			);
			runOnlyForDeploymentPostprocessing = 0;
		};
		98537CEF2B247249005C195F /* Resources */ = {
			isa = PBXResourcesBuildPhase;
			buildActionMask = 2147483647;
			files = (
			);
			runOnlyForDeploymentPostprocessing = 0;
		};
		98537CF92B247249005C195F /* Resources */ = {
			isa = PBXResourcesBuildPhase;
			buildActionMask = 2147483647;
			files = (
			);
			runOnlyForDeploymentPostprocessing = 0;
		};
/* End PBXResourcesBuildPhase section */

/* Begin PBXSourcesBuildPhase section */
		98537CDC2B247248005C195F /* Sources */ = {
			isa = PBXSourcesBuildPhase;
			buildActionMask = 2147483647;
			files = (
				98E812022B2646E300A36E1E /* RecentlyUsedSection.swift in Sources */,
				9880154C2B276DA700BB3436 /* ImageProviderClient.swift in Sources */,
				98E812002B263AC400A36E1E /* ProfileView.swift in Sources */,
				98E811F02B249B7900A36E1E /* ProfileViewController.swift in Sources */,
				988015472B27430700BB3436 /* AvatarStyle.swift in Sources */,
				98E811F42B24C02A00A36E1E /* FontSelectionButton.swift in Sources */,
				98E811F82B26239800A36E1E /* SegmentButton.swift in Sources */,
				988015422B27143800BB3436 /* ProfileEditorView.swift in Sources */,
				98E811F22B249FAE00A36E1E /* GradientView.swift in Sources */,
				98E811FA2B2623E400A36E1E /* AvatarView.swift in Sources */,
				98E811F62B26237700A36E1E /* StyleSegmentPickerView.swift in Sources */,
				98E811FC2B26240300A36E1E /* ImagePickerButton.swift in Sources */,
				988015492B27431700BB3436 /* AvatarModel.swift in Sources */,
				98537CE42B247248005C195F /* CraftTestTaskApp.swift in Sources */,
				98E811FE2B262B7700A36E1E /* ColorPickerButton.swift in Sources */,
				988015452B2742EC00BB3436 /* AvatarFont.swift in Sources */,
			);
			runOnlyForDeploymentPostprocessing = 0;
		};
		98537CED2B247249005C195F /* Sources */ = {
			isa = PBXSourcesBuildPhase;
			buildActionMask = 2147483647;
			files = (
				98537CF62B247249005C195F /* CraftTestTaskTests.swift in Sources */,
			);
			runOnlyForDeploymentPostprocessing = 0;
		};
		98537CF72B247249005C195F /* Sources */ = {
			isa = PBXSourcesBuildPhase;
			buildActionMask = 2147483647;
			files = (
				98537D022B247249005C195F /* CraftTestTaskUITestsLaunchTests.swift in Sources */,
				98537D002B247249005C195F /* CraftTestTaskUITests.swift in Sources */,
			);
			runOnlyForDeploymentPostprocessing = 0;
		};
/* End PBXSourcesBuildPhase section */

/* Begin PBXTargetDependency section */
		98537CF32B247249005C195F /* PBXTargetDependency */ = {
			isa = PBXTargetDependency;
			target = 98537CDF2B247248005C195F /* CraftTestTask */;
			targetProxy = 98537CF22B247249005C195F /* PBXContainerItemProxy */;
		};
		98537CFD2B247249005C195F /* PBXTargetDependency */ = {
			isa = PBXTargetDependency;
			target = 98537CDF2B247248005C195F /* CraftTestTask */;
			targetProxy = 98537CFC2B247249005C195F /* PBXContainerItemProxy */;
		};
/* End PBXTargetDependency section */

/* Begin XCBuildConfiguration section */
		98537D032B247249005C195F /* Debug */ = {
			isa = XCBuildConfiguration;
			buildSettings = {
				ALWAYS_SEARCH_USER_PATHS = NO;
				ASSETCATALOG_COMPILER_GENERATE_SWIFT_ASSET_SYMBOL_EXTENSIONS = YES;
				CLANG_ANALYZER_NONNULL = YES;
				CLANG_ANALYZER_NUMBER_OBJECT_CONVERSION = YES_AGGRESSIVE;
				CLANG_CXX_LANGUAGE_STANDARD = "gnu++20";
				CLANG_ENABLE_MODULES = YES;
				CLANG_ENABLE_OBJC_ARC = YES;
				CLANG_ENABLE_OBJC_WEAK = YES;
				CLANG_WARN_BLOCK_CAPTURE_AUTORELEASING = YES;
				CLANG_WARN_BOOL_CONVERSION = YES;
				CLANG_WARN_COMMA = YES;
				CLANG_WARN_CONSTANT_CONVERSION = YES;
				CLANG_WARN_DEPRECATED_OBJC_IMPLEMENTATIONS = YES;
				CLANG_WARN_DIRECT_OBJC_ISA_USAGE = YES_ERROR;
				CLANG_WARN_DOCUMENTATION_COMMENTS = YES;
				CLANG_WARN_EMPTY_BODY = YES;
				CLANG_WARN_ENUM_CONVERSION = YES;
				CLANG_WARN_INFINITE_RECURSION = YES;
				CLANG_WARN_INT_CONVERSION = YES;
				CLANG_WARN_NON_LITERAL_NULL_CONVERSION = YES;
				CLANG_WARN_OBJC_IMPLICIT_RETAIN_SELF = YES;
				CLANG_WARN_OBJC_LITERAL_CONVERSION = YES;
				CLANG_WARN_OBJC_ROOT_CLASS = YES_ERROR;
				CLANG_WARN_QUOTED_INCLUDE_IN_FRAMEWORK_HEADER = YES;
				CLANG_WARN_RANGE_LOOP_ANALYSIS = YES;
				CLANG_WARN_STRICT_PROTOTYPES = YES;
				CLANG_WARN_SUSPICIOUS_MOVE = YES;
				CLANG_WARN_UNGUARDED_AVAILABILITY = YES_AGGRESSIVE;
				CLANG_WARN_UNREACHABLE_CODE = YES;
				CLANG_WARN__DUPLICATE_METHOD_MATCH = YES;
				COPY_PHASE_STRIP = NO;
				DEBUG_INFORMATION_FORMAT = dwarf;
				ENABLE_STRICT_OBJC_MSGSEND = YES;
				ENABLE_TESTABILITY = YES;
				ENABLE_USER_SCRIPT_SANDBOXING = YES;
				GCC_C_LANGUAGE_STANDARD = gnu17;
				GCC_DYNAMIC_NO_PIC = NO;
				GCC_NO_COMMON_BLOCKS = YES;
				GCC_OPTIMIZATION_LEVEL = 0;
				GCC_PREPROCESSOR_DEFINITIONS = (
					"DEBUG=1",
					"$(inherited)",
				);
				GCC_WARN_64_TO_32_BIT_CONVERSION = YES;
				GCC_WARN_ABOUT_RETURN_TYPE = YES_ERROR;
				GCC_WARN_UNDECLARED_SELECTOR = YES;
				GCC_WARN_UNINITIALIZED_AUTOS = YES_AGGRESSIVE;
				GCC_WARN_UNUSED_FUNCTION = YES;
				GCC_WARN_UNUSED_VARIABLE = YES;
				LOCALIZATION_PREFERS_STRING_CATALOGS = YES;
				MTL_ENABLE_DEBUG_INFO = INCLUDE_SOURCE;
				MTL_FAST_MATH = YES;
				ONLY_ACTIVE_ARCH = YES;
				SWIFT_ACTIVE_COMPILATION_CONDITIONS = "DEBUG $(inherited)";
				SWIFT_OPTIMIZATION_LEVEL = "-Onone";
			};
			name = Debug;
		};
		98537D042B247249005C195F /* Release */ = {
			isa = XCBuildConfiguration;
			buildSettings = {
				ALWAYS_SEARCH_USER_PATHS = NO;
				ASSETCATALOG_COMPILER_GENERATE_SWIFT_ASSET_SYMBOL_EXTENSIONS = YES;
				CLANG_ANALYZER_NONNULL = YES;
				CLANG_ANALYZER_NUMBER_OBJECT_CONVERSION = YES_AGGRESSIVE;
				CLANG_CXX_LANGUAGE_STANDARD = "gnu++20";
				CLANG_ENABLE_MODULES = YES;
				CLANG_ENABLE_OBJC_ARC = YES;
				CLANG_ENABLE_OBJC_WEAK = YES;
				CLANG_WARN_BLOCK_CAPTURE_AUTORELEASING = YES;
				CLANG_WARN_BOOL_CONVERSION = YES;
				CLANG_WARN_COMMA = YES;
				CLANG_WARN_CONSTANT_CONVERSION = YES;
				CLANG_WARN_DEPRECATED_OBJC_IMPLEMENTATIONS = YES;
				CLANG_WARN_DIRECT_OBJC_ISA_USAGE = YES_ERROR;
				CLANG_WARN_DOCUMENTATION_COMMENTS = YES;
				CLANG_WARN_EMPTY_BODY = YES;
				CLANG_WARN_ENUM_CONVERSION = YES;
				CLANG_WARN_INFINITE_RECURSION = YES;
				CLANG_WARN_INT_CONVERSION = YES;
				CLANG_WARN_NON_LITERAL_NULL_CONVERSION = YES;
				CLANG_WARN_OBJC_IMPLICIT_RETAIN_SELF = YES;
				CLANG_WARN_OBJC_LITERAL_CONVERSION = YES;
				CLANG_WARN_OBJC_ROOT_CLASS = YES_ERROR;
				CLANG_WARN_QUOTED_INCLUDE_IN_FRAMEWORK_HEADER = YES;
				CLANG_WARN_RANGE_LOOP_ANALYSIS = YES;
				CLANG_WARN_STRICT_PROTOTYPES = YES;
				CLANG_WARN_SUSPICIOUS_MOVE = YES;
				CLANG_WARN_UNGUARDED_AVAILABILITY = YES_AGGRESSIVE;
				CLANG_WARN_UNREACHABLE_CODE = YES;
				CLANG_WARN__DUPLICATE_METHOD_MATCH = YES;
				COPY_PHASE_STRIP = NO;
				DEBUG_INFORMATION_FORMAT = "dwarf-with-dsym";
				ENABLE_NS_ASSERTIONS = NO;
				ENABLE_STRICT_OBJC_MSGSEND = YES;
				ENABLE_USER_SCRIPT_SANDBOXING = YES;
				GCC_C_LANGUAGE_STANDARD = gnu17;
				GCC_NO_COMMON_BLOCKS = YES;
				GCC_WARN_64_TO_32_BIT_CONVERSION = YES;
				GCC_WARN_ABOUT_RETURN_TYPE = YES_ERROR;
				GCC_WARN_UNDECLARED_SELECTOR = YES;
				GCC_WARN_UNINITIALIZED_AUTOS = YES_AGGRESSIVE;
				GCC_WARN_UNUSED_FUNCTION = YES;
				GCC_WARN_UNUSED_VARIABLE = YES;
				LOCALIZATION_PREFERS_STRING_CATALOGS = YES;
				MTL_ENABLE_DEBUG_INFO = NO;
				MTL_FAST_MATH = YES;
				SWIFT_COMPILATION_MODE = wholemodule;
			};
			name = Release;
		};
		98537D062B247249005C195F /* Debug */ = {
			isa = XCBuildConfiguration;
			buildSettings = {
				ASSETCATALOG_COMPILER_APPICON_NAME = AppIcon;
				ASSETCATALOG_COMPILER_GLOBAL_ACCENT_COLOR_NAME = AccentColor;
				CODE_SIGN_ENTITLEMENTS = CraftTestTask/CraftTestTask.entitlements;
				CODE_SIGN_STYLE = Automatic;
				CURRENT_PROJECT_VERSION = 1;
				DEVELOPMENT_ASSET_PATHS = "\"CraftTestTask/Preview Content\"";
				DEVELOPMENT_TEAM = H2W7ZUMQVF;
				ENABLE_HARDENED_RUNTIME = YES;
				ENABLE_PREVIEWS = YES;
				GENERATE_INFOPLIST_FILE = YES;
				"INFOPLIST_KEY_UIApplicationSceneManifest_Generation[sdk=iphoneos*]" = YES;
				"INFOPLIST_KEY_UIApplicationSceneManifest_Generation[sdk=iphonesimulator*]" = YES;
				"INFOPLIST_KEY_UIApplicationSupportsIndirectInputEvents[sdk=iphoneos*]" = YES;
				"INFOPLIST_KEY_UIApplicationSupportsIndirectInputEvents[sdk=iphonesimulator*]" = YES;
				"INFOPLIST_KEY_UILaunchScreen_Generation[sdk=iphoneos*]" = YES;
				"INFOPLIST_KEY_UILaunchScreen_Generation[sdk=iphonesimulator*]" = YES;
				"INFOPLIST_KEY_UIStatusBarStyle[sdk=iphoneos*]" = UIStatusBarStyleDefault;
				"INFOPLIST_KEY_UIStatusBarStyle[sdk=iphonesimulator*]" = UIStatusBarStyleDefault;
				INFOPLIST_KEY_UISupportedInterfaceOrientations_iPad = "UIInterfaceOrientationPortrait UIInterfaceOrientationPortraitUpsideDown UIInterfaceOrientationLandscapeLeft UIInterfaceOrientationLandscapeRight";
				INFOPLIST_KEY_UISupportedInterfaceOrientations_iPhone = "UIInterfaceOrientationPortrait UIInterfaceOrientationLandscapeLeft UIInterfaceOrientationLandscapeRight";
				IPHONEOS_DEPLOYMENT_TARGET = 17.2;
				LD_RUNPATH_SEARCH_PATHS = "@executable_path/Frameworks";
				"LD_RUNPATH_SEARCH_PATHS[sdk=macosx*]" = "@executable_path/../Frameworks";
				MACOSX_DEPLOYMENT_TARGET = 14.2;
				MARKETING_VERSION = 1.0;
				PRODUCT_BUNDLE_IDENTIFIER = com.jurasic.craft.test.CraftTestTask;
				PRODUCT_NAME = "$(TARGET_NAME)";
				SDKROOT = auto;
				SUPPORTED_PLATFORMS = "iphoneos iphonesimulator";
				SUPPORTS_MACCATALYST = YES;
				SWIFT_EMIT_LOC_STRINGS = YES;
				SWIFT_VERSION = 5.0;
				TARGETED_DEVICE_FAMILY = "1,2";
			};
			name = Debug;
		};
		98537D072B247249005C195F /* Release */ = {
			isa = XCBuildConfiguration;
			buildSettings = {
				ASSETCATALOG_COMPILER_APPICON_NAME = AppIcon;
				ASSETCATALOG_COMPILER_GLOBAL_ACCENT_COLOR_NAME = AccentColor;
				CODE_SIGN_ENTITLEMENTS = CraftTestTask/CraftTestTask.entitlements;
				CODE_SIGN_STYLE = Automatic;
				CURRENT_PROJECT_VERSION = 1;
				DEVELOPMENT_ASSET_PATHS = "\"CraftTestTask/Preview Content\"";
				DEVELOPMENT_TEAM = H2W7ZUMQVF;
				ENABLE_HARDENED_RUNTIME = YES;
				ENABLE_PREVIEWS = YES;
				GENERATE_INFOPLIST_FILE = YES;
				"INFOPLIST_KEY_UIApplicationSceneManifest_Generation[sdk=iphoneos*]" = YES;
				"INFOPLIST_KEY_UIApplicationSceneManifest_Generation[sdk=iphonesimulator*]" = YES;
				"INFOPLIST_KEY_UIApplicationSupportsIndirectInputEvents[sdk=iphoneos*]" = YES;
				"INFOPLIST_KEY_UIApplicationSupportsIndirectInputEvents[sdk=iphonesimulator*]" = YES;
				"INFOPLIST_KEY_UILaunchScreen_Generation[sdk=iphoneos*]" = YES;
				"INFOPLIST_KEY_UILaunchScreen_Generation[sdk=iphonesimulator*]" = YES;
				"INFOPLIST_KEY_UIStatusBarStyle[sdk=iphoneos*]" = UIStatusBarStyleDefault;
				"INFOPLIST_KEY_UIStatusBarStyle[sdk=iphonesimulator*]" = UIStatusBarStyleDefault;
				INFOPLIST_KEY_UISupportedInterfaceOrientations_iPad = "UIInterfaceOrientationPortrait UIInterfaceOrientationPortraitUpsideDown UIInterfaceOrientationLandscapeLeft UIInterfaceOrientationLandscapeRight";
				INFOPLIST_KEY_UISupportedInterfaceOrientations_iPhone = "UIInterfaceOrientationPortrait UIInterfaceOrientationLandscapeLeft UIInterfaceOrientationLandscapeRight";
				IPHONEOS_DEPLOYMENT_TARGET = 17.2;
				LD_RUNPATH_SEARCH_PATHS = "@executable_path/Frameworks";
				"LD_RUNPATH_SEARCH_PATHS[sdk=macosx*]" = "@executable_path/../Frameworks";
				MACOSX_DEPLOYMENT_TARGET = 14.2;
				MARKETING_VERSION = 1.0;
				PRODUCT_BUNDLE_IDENTIFIER = com.jurasic.craft.test.CraftTestTask;
				PRODUCT_NAME = "$(TARGET_NAME)";
				SDKROOT = auto;
				SUPPORTED_PLATFORMS = "iphoneos iphonesimulator";
				SUPPORTS_MACCATALYST = YES;
				SWIFT_EMIT_LOC_STRINGS = YES;
				SWIFT_VERSION = 5.0;
				TARGETED_DEVICE_FAMILY = "1,2";
			};
			name = Release;
		};
		98537D092B247249005C195F /* Debug */ = {
			isa = XCBuildConfiguration;
			buildSettings = {
				ALWAYS_EMBED_SWIFT_STANDARD_LIBRARIES = YES;
				BUNDLE_LOADER = "$(TEST_HOST)";
				CODE_SIGN_STYLE = Automatic;
				CURRENT_PROJECT_VERSION = 1;
				DEVELOPMENT_TEAM = H2W7ZUMQVF;
				GENERATE_INFOPLIST_FILE = YES;
				IPHONEOS_DEPLOYMENT_TARGET = 17.2;
				MACOSX_DEPLOYMENT_TARGET = 14.2;
				MARKETING_VERSION = 1.0;
				PRODUCT_BUNDLE_IDENTIFIER = com.jurasic.craft.test.CraftTestTaskTests;
				PRODUCT_NAME = "$(TARGET_NAME)";
				SDKROOT = auto;
				SUPPORTED_PLATFORMS = "iphoneos iphonesimulator macosx";
				SWIFT_EMIT_LOC_STRINGS = NO;
				SWIFT_VERSION = 5.0;
				TARGETED_DEVICE_FAMILY = "1,2";
				TEST_HOST = "$(BUILT_PRODUCTS_DIR)/CraftTestTask.app/$(BUNDLE_EXECUTABLE_FOLDER_PATH)/CraftTestTask";
			};
			name = Debug;
		};
		98537D0A2B247249005C195F /* Release */ = {
			isa = XCBuildConfiguration;
			buildSettings = {
				ALWAYS_EMBED_SWIFT_STANDARD_LIBRARIES = YES;
				BUNDLE_LOADER = "$(TEST_HOST)";
				CODE_SIGN_STYLE = Automatic;
				CURRENT_PROJECT_VERSION = 1;
				DEVELOPMENT_TEAM = H2W7ZUMQVF;
				GENERATE_INFOPLIST_FILE = YES;
				IPHONEOS_DEPLOYMENT_TARGET = 17.2;
				MACOSX_DEPLOYMENT_TARGET = 14.2;
				MARKETING_VERSION = 1.0;
				PRODUCT_BUNDLE_IDENTIFIER = com.jurasic.craft.test.CraftTestTaskTests;
				PRODUCT_NAME = "$(TARGET_NAME)";
				SDKROOT = auto;
				SUPPORTED_PLATFORMS = "iphoneos iphonesimulator macosx";
				SWIFT_EMIT_LOC_STRINGS = NO;
				SWIFT_VERSION = 5.0;
				TARGETED_DEVICE_FAMILY = "1,2";
				TEST_HOST = "$(BUILT_PRODUCTS_DIR)/CraftTestTask.app/$(BUNDLE_EXECUTABLE_FOLDER_PATH)/CraftTestTask";
			};
			name = Release;
		};
		98537D0C2B247249005C195F /* Debug */ = {
			isa = XCBuildConfiguration;
			buildSettings = {
				ALWAYS_EMBED_SWIFT_STANDARD_LIBRARIES = YES;
				CODE_SIGN_STYLE = Automatic;
				CURRENT_PROJECT_VERSION = 1;
				DEVELOPMENT_TEAM = H2W7ZUMQVF;
				GENERATE_INFOPLIST_FILE = YES;
				IPHONEOS_DEPLOYMENT_TARGET = 17.2;
				MACOSX_DEPLOYMENT_TARGET = 14.2;
				MARKETING_VERSION = 1.0;
				PRODUCT_BUNDLE_IDENTIFIER = com.jurasic.craft.test.CraftTestTaskUITests;
				PRODUCT_NAME = "$(TARGET_NAME)";
				SDKROOT = auto;
				SUPPORTED_PLATFORMS = "iphoneos iphonesimulator macosx";
				SWIFT_EMIT_LOC_STRINGS = NO;
				SWIFT_VERSION = 5.0;
				TARGETED_DEVICE_FAMILY = "1,2";
				TEST_TARGET_NAME = CraftTestTask;
			};
			name = Debug;
		};
		98537D0D2B247249005C195F /* Release */ = {
			isa = XCBuildConfiguration;
			buildSettings = {
				ALWAYS_EMBED_SWIFT_STANDARD_LIBRARIES = YES;
				CODE_SIGN_STYLE = Automatic;
				CURRENT_PROJECT_VERSION = 1;
				DEVELOPMENT_TEAM = H2W7ZUMQVF;
				GENERATE_INFOPLIST_FILE = YES;
				IPHONEOS_DEPLOYMENT_TARGET = 17.2;
				MACOSX_DEPLOYMENT_TARGET = 14.2;
				MARKETING_VERSION = 1.0;
				PRODUCT_BUNDLE_IDENTIFIER = com.jurasic.craft.test.CraftTestTaskUITests;
				PRODUCT_NAME = "$(TARGET_NAME)";
				SDKROOT = auto;
				SUPPORTED_PLATFORMS = "iphoneos iphonesimulator macosx";
				SWIFT_EMIT_LOC_STRINGS = NO;
				SWIFT_VERSION = 5.0;
				TARGETED_DEVICE_FAMILY = "1,2";
				TEST_TARGET_NAME = CraftTestTask;
			};
			name = Release;
		};
/* End XCBuildConfiguration section */

/* Begin XCConfigurationList section */
		98537CDB2B247248005C195F /* Build configuration list for PBXProject "CraftTestTask" */ = {
			isa = XCConfigurationList;
			buildConfigurations = (
				98537D032B247249005C195F /* Debug */,
				98537D042B247249005C195F /* Release */,
			);
			defaultConfigurationIsVisible = 0;
			defaultConfigurationName = Release;
		};
		98537D052B247249005C195F /* Build configuration list for PBXNativeTarget "CraftTestTask" */ = {
			isa = XCConfigurationList;
			buildConfigurations = (
				98537D062B247249005C195F /* Debug */,
				98537D072B247249005C195F /* Release */,
			);
			defaultConfigurationIsVisible = 0;
			defaultConfigurationName = Release;
		};
		98537D082B247249005C195F /* Build configuration list for PBXNativeTarget "CraftTestTaskTests" */ = {
			isa = XCConfigurationList;
			buildConfigurations = (
				98537D092B247249005C195F /* Debug */,
				98537D0A2B247249005C195F /* Release */,
			);
			defaultConfigurationIsVisible = 0;
			defaultConfigurationName = Release;
		};
		98537D0B2B247249005C195F /* Build configuration list for PBXNativeTarget "CraftTestTaskUITests" */ = {
			isa = XCConfigurationList;
			buildConfigurations = (
				98537D0C2B247249005C195F /* Debug */,
				98537D0D2B247249005C195F /* Release */,
			);
			defaultConfigurationIsVisible = 0;
			defaultConfigurationName = Release;
		};
/* End XCConfigurationList section */
	};
	rootObject = 98537CD82B247248005C195F /* Project object */;
}
